
Microsoft Visual Studio Solution File, Format Version 12.00
# Visual Studio Version 17
VisualStudioVersion = 17.4.33213.308
MinimumVisualStudioVersion = 10.0.40219.1
Project("{FAE04EC0-301F-11D3-BF4B-00C04F79EFBC}") = "Microsoft.AspNet.OutputCache.OutputCacheModuleAsync", "src\OutputCacheModuleAsync\Microsoft.AspNet.OutputCache.OutputCacheModuleAsync.csproj", "{3B446E33-7B1C-4A32-AEB8-92DC6CE94F77}"
EndProject
Project("{FAE04EC0-301F-11D3-BF4B-00C04F79EFBC}") = "Microsoft.AspNet.OutputCache.SQLAsyncOutputCacheProvider", "src\SQLAsyncOutputCacheProvider\Microsoft.AspNet.OutputCache.SQLAsyncOutputCacheProvider.csproj", "{062FD141-4E51-4943-8C69-385DDE3D2792}"
EndProject
Project("{2150E333-8FDC-42A3-9474-1A3956D46DE8}") = "src", "src", "{D256C480-BB19-4239-AD53-DF634A794F41}"
EndProject
Project("{2150E333-8FDC-42A3-9474-1A3956D46DE8}") = "test", "test", "{BCF9496E-D71E-4F4A-814B-B37830A87FF3}"
EndProject
Project("{FAE04EC0-301F-11D3-BF4B-00C04F79EFBC}") = "Microsoft.AspNet.OutputCache.OutputCacheModuleAsync.Test", "test\Microsoft.AspNet.OutputCache.OutputCacheModuleAsync.Test\Microsoft.AspNet.OutputCache.OutputCacheModuleAsync.Test.csproj", "{89636B89-D392-47CA-9D81-BEB4C5252D75}"
EndProject
Project("{FAE04EC0-301F-11D3-BF4B-00C04F79EFBC}") = "Microsoft.AspNet.OutputCache.SQLAsyncOutputCacheProvider.Test", "test\Microsoft.AspNet.OutputCache.SQLAsyncOutputCacheProvider.Test\Microsoft.AspNet.OutputCache.SQLAsyncOutputCacheProvider.Test.csproj", "{B2C127BD-077B-4B9A-8163-F77DF76CE6A8}"
EndProject
Project("{FAE04EC0-301F-11D3-BF4B-00C04F79EFBC}") = "Microsoft.AspNet.OutputCache.CosmosDBTableAsyncOutputCacheProvider", "src\CosmosDBTableAsyncOutputCacheProvider\Microsoft.AspNet.OutputCache.CosmosDBTableAsyncOutputCacheProvider.csproj", "{9FDBB781-C469-4D9E-B687-4087CD422B13}"
EndProject
Project("{FAE04EC0-301F-11D3-BF4B-00C04F79EFBC}") = "Microsoft.AspNet.OutputCache.CosmosDBTableAsyncOutputCacheProvider.Test", "test\Microsoft.AspNet.OutputCache.CosmosDBTableAsyncOutputCacheProvider.Test\Microsoft.AspNet.OutputCache.CosmosDBTableAsyncOutputCacheProvider.Test.csproj", "{107EF28E-05AA-485E-A5C1-9A20A6DFE877}"
EndProject
Project("{2150E333-8FDC-42A3-9474-1A3956D46DE8}") = "packages", "packages", "{D7769596-DE12-4BA1-9BE6-67D4D3FEBB51}"
EndProject
Project("{FAE04EC0-301F-11D3-BF4B-00C04F79EFBC}") = "Packages", "src\packages\Packages.csproj", "{7EC5863F-7FF1-41C7-A384-8FFF81531E7A}"
EndProject
Project("{2150E333-8FDC-42A3-9474-1A3956D46DE8}") = "docs", "docs", "{43F85F24-FF0F-4076-845C-863079AF3EC7}"
	ProjectSection(SolutionItems) = preProject
		docs\OutputCacheModuleAsync.md = docs\OutputCacheModuleAsync.md
		docs\CosmosDBTableAsyncOutputCacheProvider.md = docs\CosmosDBTableAsyncOutputCacheProvider.md
		Readme.md = Readme.md
		docs\SQLAsyncOutputCacheProvider.md = docs\SQLAsyncOutputCacheProvider.md
	EndProjectSection
EndProject
Global
	GlobalSection(SolutionConfigurationPlatforms) = preSolution
		Debug|Any CPU = Debug|Any CPU
		Release|Any CPU = Release|Any CPU
	EndGlobalSection
	GlobalSection(ProjectConfigurationPlatforms) = postSolution
		{3B446E33-7B1C-4A32-AEB8-92DC6CE94F77}.Debug|Any CPU.ActiveCfg = Debug|Any CPU
		{3B446E33-7B1C-4A32-AEB8-92DC6CE94F77}.Debug|Any CPU.Build.0 = Debug|Any CPU
		{3B446E33-7B1C-4A32-AEB8-92DC6CE94F77}.Release|Any CPU.ActiveCfg = Release|Any CPU
		{3B446E33-7B1C-4A32-AEB8-92DC6CE94F77}.Release|Any CPU.Build.0 = Release|Any CPU
		{062FD141-4E51-4943-8C69-385DDE3D2792}.Debug|Any CPU.ActiveCfg = Debug|Any CPU
		{062FD141-4E51-4943-8C69-385DDE3D2792}.Debug|Any CPU.Build.0 = Debug|Any CPU
		{062FD141-4E51-4943-8C69-385DDE3D2792}.Release|Any CPU.ActiveCfg = Release|Any CPU
		{062FD141-4E51-4943-8C69-385DDE3D2792}.Release|Any CPU.Build.0 = Release|Any CPU
		{89636B89-D392-47CA-9D81-BEB4C5252D75}.Debug|Any CPU.ActiveCfg = Debug|Any CPU
		{89636B89-D392-47CA-9D81-BEB4C5252D75}.Debug|Any CPU.Build.0 = Debug|Any CPU
		{89636B89-D392-47CA-9D81-BEB4C5252D75}.Release|Any CPU.ActiveCfg = Release|Any CPU
		{89636B89-D392-47CA-9D81-BEB4C5252D75}.Release|Any CPU.Build.0 = Release|Any CPU
		{B2C127BD-077B-4B9A-8163-F77DF76CE6A8}.Debug|Any CPU.ActiveCfg = Debug|Any CPU
		{B2C127BD-077B-4B9A-8163-F77DF76CE6A8}.Debug|Any CPU.Build.0 = Debug|Any CPU
		{B2C127BD-077B-4B9A-8163-F77DF76CE6A8}.Release|Any CPU.ActiveCfg = Release|Any CPU
		{B2C127BD-077B-4B9A-8163-F77DF76CE6A8}.Release|Any CPU.Build.0 = Release|Any CPU
		{9FDBB781-C469-4D9E-B687-4087CD422B13}.Debug|Any CPU.ActiveCfg = Debug|Any CPU
		{9FDBB781-C469-4D9E-B687-4087CD422B13}.Debug|Any CPU.Build.0 = Debug|Any CPU
		{9FDBB781-C469-4D9E-B687-4087CD422B13}.Release|Any CPU.ActiveCfg = Release|Any CPU
		{9FDBB781-C469-4D9E-B687-4087CD422B13}.Release|Any CPU.Build.0 = Release|Any CPU
		{107EF28E-05AA-485E-A5C1-9A20A6DFE877}.Debug|Any CPU.ActiveCfg = Debug|Any CPU
		{107EF28E-05AA-485E-A5C1-9A20A6DFE877}.Debug|Any CPU.Build.0 = Debug|Any CPU
		{107EF28E-05AA-485E-A5C1-9A20A6DFE877}.Release|Any CPU.ActiveCfg = Release|Any CPU
		{107EF28E-05AA-485E-A5C1-9A20A6DFE877}.Release|Any CPU.Build.0 = Release|Any CPU
		{7EC5863F-7FF1-41C7-A384-8FFF81531E7A}.Debug|Any CPU.ActiveCfg = Debug|Any CPU
		{7EC5863F-7FF1-41C7-A384-8FFF81531E7A}.Debug|Any CPU.Build.0 = Debug|Any CPU
		{7EC5863F-7FF1-41C7-A384-8FFF81531E7A}.Release|Any CPU.ActiveCfg = Release|Any CPU
		{7EC5863F-7FF1-41C7-A384-8FFF81531E7A}.Release|Any CPU.Build.0 = Release|Any CPU
	EndGlobalSection
	GlobalSection(SolutionProperties) = preSolution
		HideSolutionNode = FALSE
	EndGlobalSection
	GlobalSection(NestedProjects) = preSolution
		{3B446E33-7B1C-4A32-AEB8-92DC6CE94F77} = {D256C480-BB19-4239-AD53-DF634A794F41}
		{062FD141-4E51-4943-8C69-385DDE3D2792} = {D256C480-BB19-4239-AD53-DF634A794F41}
		{89636B89-D392-47CA-9D81-BEB4C5252D75} = {BCF9496E-D71E-4F4A-814B-B37830A87FF3}
		{B2C127BD-077B-4B9A-8163-F77DF76CE6A8} = {BCF9496E-D71E-4F4A-814B-B37830A87FF3}
		{9FDBB781-C469-4D9E-B687-4087CD422B13} = {D256C480-BB19-4239-AD53-DF634A794F41}
		{107EF28E-05AA-485E-A5C1-9A20A6DFE877} = {BCF9496E-D71E-4F4A-814B-B37830A87FF3}
		{7EC5863F-7FF1-41C7-A384-8FFF81531E7A} = {D7769596-DE12-4BA1-9BE6-67D4D3FEBB51}
	EndGlobalSection
	GlobalSection(ExtensibilityGlobals) = postSolution
		SolutionGuid = {51897B01-673A-47FD-87BC-8FD7C01950E6}
	EndGlobalSection
EndGlobal
