
Microsoft Visual Studio Solution File, Format Version 12.00
# Visual Studio 14
VisualStudioVersion = 14.0.25420.1
MinimumVisualStudioVersion = 10.0.40219.1
Project("{FAE04EC0-301F-11D3-BF4B-00C04F79EFBC}") = "Microsoft.AspNet.OutputCache.OutputCacheModuleAsync", "src\OutputCacheModuleAsync\Microsoft.AspNet.OutputCache.OutputCacheModuleAsync.csproj", "{3B446E33-7B1C-4A32-AEB8-92DC6CE94F77}"
EndProject
Project("{FAE04EC0-301F-11D3-BF4B-00C04F79EFBC}") = "Microsoft.AspNet.OutputCache.CustomOutputCacheProvider", "test\CustomOutputCacheProvider\Microsoft.AspNet.OutputCache.CustomOutputCacheProvider.csproj", "{A8F3E399-BCAF-4F3E-BC16-5CA98A779916}"
EndProject
Project("{FAE04EC0-301F-11D3-BF4B-00C04F79EFBC}") = "Microsoft.AspNet.OutputCache.SQLAsyncOutputCacheProvider", "Microsoft.AspNet.OutputCache.SQLOutputCacheAsyncProvider\Microsoft.AspNet.OutputCache.SQLAsyncOutputCacheProvider.csproj", "{062FD141-4E51-4943-8C69-385DDE3D2792}"
EndProject
Global
	GlobalSection(SolutionConfigurationPlatforms) = preSolution
		Debug|Any CPU = Debug|Any CPU
		Release|Any CPU = Release|Any CPU
	EndGlobalSection
	GlobalSection(ProjectConfigurationPlatforms) = postSolution
		{3B446E33-7B1C-4A32-AEB8-92DC6CE94F77}.Debug|Any CPU.ActiveCfg = Debug|Any CPU
		{3B446E33-7B1C-4A32-AEB8-92DC6CE94F77}.Debug|Any CPU.Build.0 = Debug|Any CPU
		{3B446E33-7B1C-4A32-AEB8-92DC6CE94F77}.Release|Any CPU.ActiveCfg = Release|Any CPU
		{3B446E33-7B1C-4A32-AEB8-92DC6CE94F77}.Release|Any CPU.Build.0 = Release|Any CPU
		{A8F3E399-BCAF-4F3E-BC16-5CA98A779916}.Debug|Any CPU.ActiveCfg = Debug|Any CPU
		{A8F3E399-BCAF-4F3E-BC16-5CA98A779916}.Debug|Any CPU.Build.0 = Debug|Any CPU
		{A8F3E399-BCAF-4F3E-BC16-5CA98A779916}.Release|Any CPU.ActiveCfg = Release|Any CPU
		{A8F3E399-BCAF-4F3E-BC16-5CA98A779916}.Release|Any CPU.Build.0 = Release|Any CPU
		{062FD141-4E51-4943-8C69-385DDE3D2792}.Debug|Any CPU.ActiveCfg = Debug|Any CPU
		{062FD141-4E51-4943-8C69-385DDE3D2792}.Debug|Any CPU.Build.0 = Debug|Any CPU
		{062FD141-4E51-4943-8C69-385DDE3D2792}.Release|Any CPU.ActiveCfg = Release|Any CPU
		{062FD141-4E51-4943-8C69-385DDE3D2792}.Release|Any CPU.Build.0 = Release|Any CPU
	EndGlobalSection
	GlobalSection(SolutionProperties) = preSolution
		HideSolutionNode = FALSE
	EndGlobalSection
EndGlobal
